
Microsoft Visual Studio Solution File, Format Version 12.00
# Visual Studio Version 17
VisualStudioVersion = 17.5.002.0
MinimumVisualStudioVersion = 10.0.40219.1
Project("{9A19103F-16F7-4668-BE54-9A1E7A4F7556}") = "AC.Library", "AC.Library.csproj", "{4830CBC7-ED81-4665-A3C0-D42168B4AF40}"
EndProject
Global
	GlobalSection(SolutionConfigurationPlatforms) = preSolution
		Debug|Any CPU = Debug|Any CPU
		Release|Any CPU = Release|Any CPU
	EndGlobalSection
	GlobalSection(ProjectConfigurationPlatforms) = postSolution
		{4830CBC7-ED81-4665-A3C0-D42168B4AF40}.Debug|Any CPU.ActiveCfg = Debug|Any CPU
		{4830CBC7-ED81-4665-A3C0-D42168B4AF40}.Debug|Any CPU.Build.0 = Debug|Any CPU
		{4830CBC7-ED81-4665-A3C0-D42168B4AF40}.Release|Any CPU.ActiveCfg = Release|Any CPU
		{4830CBC7-ED81-4665-A3C0-D42168B4AF40}.Release|Any CPU.Build.0 = Release|Any CPU
	EndGlobalSection
	GlobalSection(SolutionProperties) = preSolution
		HideSolutionNode = FALSE
	EndGlobalSection
	GlobalSection(ExtensibilityGlobals) = postSolution
		SolutionGuid = {F5579F86-304D-4F36-AA26-70D450E1F61A}
	EndGlobalSection
EndGlobal
